
Microsoft Visual Studio Solution File, Format Version 12.00
# Visual Studio Version 16
VisualStudioVersion = 16.0.31105.61
MinimumVisualStudioVersion = 10.0.40219.1
Project("{FAE04EC0-301F-11D3-BF4B-00C04F79EFBC}") = "WebApplication4", "WebApplication4\WebApplication4.csproj", "{9104F1D0-35D0-4935-8846-177C908ACBFE}"
EndProject
Global
	GlobalSection(SolutionConfigurationPlatforms) = preSolution
		Debug|Any CPU = Debug|Any CPU
		Release|Any CPU = Release|Any CPU
	EndGlobalSection
	GlobalSection(ProjectConfigurationPlatforms) = postSolution
		{9104F1D0-35D0-4935-8846-177C908ACBFE}.Debug|Any CPU.ActiveCfg = Debug|Any CPU
		{9104F1D0-35D0-4935-8846-177C908ACBFE}.Debug|Any CPU.Build.0 = Debug|Any CPU
		{9104F1D0-35D0-4935-8846-177C908ACBFE}.Release|Any CPU.ActiveCfg = Release|Any CPU
		{9104F1D0-35D0-4935-8846-177C908ACBFE}.Release|Any CPU.Build.0 = Release|Any CPU
	EndGlobalSection
	GlobalSection(SolutionProperties) = preSolution
		HideSolutionNode = FALSE
	EndGlobalSection
	GlobalSection(ExtensibilityGlobals) = postSolution
		SolutionGuid = {9ACB3884-6107-49A1-B1B4-9BBB668748CD}
	EndGlobalSection
EndGlobal
